
Microsoft Visual Studio Solution File, Format Version 12.00
# Visual Studio 15
VisualStudioVersion = 15.0.28307.438
MinimumVisualStudioVersion = 10.0.40219.1
Project("{FAE04EC0-301F-11D3-BF4B-00C04F79EFBC}") = "ControlMensualidadCentroDiurno", "ControlMensualidadCentroDiurno\ControlMensualidadCentroDiurno.csproj", "{188B7D99-9EF3-4607-B82D-0C1C95491FEC}"
EndProject
Global
	GlobalSection(SolutionConfigurationPlatforms) = preSolution
		Debug|Any CPU = Debug|Any CPU
		Release|Any CPU = Release|Any CPU
	EndGlobalSection
	GlobalSection(ProjectConfigurationPlatforms) = postSolution
		{188B7D99-9EF3-4607-B82D-0C1C95491FEC}.Debug|Any CPU.ActiveCfg = Debug|Any CPU
		{188B7D99-9EF3-4607-B82D-0C1C95491FEC}.Debug|Any CPU.Build.0 = Debug|Any CPU
		{188B7D99-9EF3-4607-B82D-0C1C95491FEC}.Release|Any CPU.ActiveCfg = Release|Any CPU
		{188B7D99-9EF3-4607-B82D-0C1C95491FEC}.Release|Any CPU.Build.0 = Release|Any CPU
	EndGlobalSection
	GlobalSection(SolutionProperties) = preSolution
		HideSolutionNode = FALSE
	EndGlobalSection
	GlobalSection(ExtensibilityGlobals) = postSolution
		SolutionGuid = {C8B27820-49D0-415E-95EE-34A2C93FF593}
	EndGlobalSection
EndGlobal
